
Microsoft Visual Studio Solution File, Format Version 12.00
# Visual Studio 2013
VisualStudioVersion = 12.0.40629.0
MinimumVisualStudioVersion = 10.0.40219.1
Project("{FAE04EC0-301F-11D3-BF4B-00C04F79EFBC}") = "Dangl.AVA.Examples.VS2013", "src\Dangl.AVA.Examples\Dangl.AVA.Examples.VS2013.csproj", "{2933F93C-3546-431F-BE8D-E2B4CDF32464}"
EndProject
Project("{2150E333-8FDC-42A3-9474-1A3956D46DE8}") = "Solution Items", "Solution Items", "{C0965BF5-432B-457D-BC7D-58B8A695CE6F}"
	ProjectSection(SolutionItems) = preProject
		README.md = README.md
	EndProjectSection
EndProject
Project("{2150E333-8FDC-42A3-9474-1A3956D46DE8}") = "src", "src", "{D3446075-A0AA-466E-A808-A307D60D9FAE}"
EndProject
Project("{2150E333-8FDC-42A3-9474-1A3956D46DE8}") = "test", "test", "{D2889433-EBD6-4B02-BD56-A89BD0FB2B5A}"
EndProject
Project("{FAE04EC0-301F-11D3-BF4B-00C04F79EFBC}") = "Dangl.AVA.Examples.VS2013.Tests", "test\Dangl.AVA.Examples.Tests\Dangl.AVA.Examples.VS2013.Tests.csproj", "{DB995962-D0B7-4460-B218-1C04A336E06E}"
EndProject
Project("{2150E333-8FDC-42A3-9474-1A3956D46DE8}") = ".nuget", ".nuget", "{5520ED89-00BC-42B4-87C8-FB0DE59C7E1B}"
	ProjectSection(SolutionItems) = preProject
		.nuget\NuGet.Config = .nuget\NuGet.Config
		.nuget\NuGet.exe = .nuget\NuGet.exe
		.nuget\NuGet.targets = .nuget\NuGet.targets
	EndProjectSection
EndProject
Global
	GlobalSection(SolutionConfigurationPlatforms) = preSolution
		Debug|Any CPU = Debug|Any CPU
		Release|Any CPU = Release|Any CPU
	EndGlobalSection
	GlobalSection(ProjectConfigurationPlatforms) = postSolution
		{2933F93C-3546-431F-BE8D-E2B4CDF32464}.Debug|Any CPU.ActiveCfg = Debug|Any CPU
		{2933F93C-3546-431F-BE8D-E2B4CDF32464}.Debug|Any CPU.Build.0 = Debug|Any CPU
		{2933F93C-3546-431F-BE8D-E2B4CDF32464}.Release|Any CPU.ActiveCfg = Release|Any CPU
		{2933F93C-3546-431F-BE8D-E2B4CDF32464}.Release|Any CPU.Build.0 = Release|Any CPU
		{DB995962-D0B7-4460-B218-1C04A336E06E}.Debug|Any CPU.ActiveCfg = Debug|Any CPU
		{DB995962-D0B7-4460-B218-1C04A336E06E}.Debug|Any CPU.Build.0 = Debug|Any CPU
		{DB995962-D0B7-4460-B218-1C04A336E06E}.Release|Any CPU.ActiveCfg = Release|Any CPU
		{DB995962-D0B7-4460-B218-1C04A336E06E}.Release|Any CPU.Build.0 = Release|Any CPU
	EndGlobalSection
	GlobalSection(SolutionProperties) = preSolution
		HideSolutionNode = FALSE
	EndGlobalSection
	GlobalSection(NestedProjects) = preSolution
		{2933F93C-3546-431F-BE8D-E2B4CDF32464} = {D3446075-A0AA-466E-A808-A307D60D9FAE}
		{DB995962-D0B7-4460-B218-1C04A336E06E} = {D2889433-EBD6-4B02-BD56-A89BD0FB2B5A}
	EndGlobalSection
EndGlobal
